
Microsoft Visual Studio Solution File, Format Version 12.00
# Visual Studio Version 17
VisualStudioVersion = 17.9.34723.18
MinimumVisualStudioVersion = 10.0.40219.1
Project("{FAE04EC0-301F-11D3-BF4B-00C04F79EFBC}") = "RabbitMQ.Publisher", "RabbitMQ.Publisher\RabbitMQ.Publisher.csproj", "{12838FC6-BAD1-4D50-97DC-6C955A8FE55E}"
EndProject
Project("{FAE04EC0-301F-11D3-BF4B-00C04F79EFBC}") = "RabbitMQ.Consumer", "RabbitMQ.Consumer\RabbitMQ.Consumer.csproj", "{72F35146-3C3A-42A4-A2C3-7968BAE9B10A}"
EndProject
Global
	GlobalSection(SolutionConfigurationPlatforms) = preSolution
		Debug|Any CPU = Debug|Any CPU
		Release|Any CPU = Release|Any CPU
	EndGlobalSection
	GlobalSection(ProjectConfigurationPlatforms) = postSolution
		{12838FC6-BAD1-4D50-97DC-6C955A8FE55E}.Debug|Any CPU.ActiveCfg = Debug|Any CPU
		{12838FC6-BAD1-4D50-97DC-6C955A8FE55E}.Debug|Any CPU.Build.0 = Debug|Any CPU
		{12838FC6-BAD1-4D50-97DC-6C955A8FE55E}.Release|Any CPU.ActiveCfg = Release|Any CPU
		{12838FC6-BAD1-4D50-97DC-6C955A8FE55E}.Release|Any CPU.Build.0 = Release|Any CPU
		{72F35146-3C3A-42A4-A2C3-7968BAE9B10A}.Debug|Any CPU.ActiveCfg = Debug|Any CPU
		{72F35146-3C3A-42A4-A2C3-7968BAE9B10A}.Debug|Any CPU.Build.0 = Debug|Any CPU
		{72F35146-3C3A-42A4-A2C3-7968BAE9B10A}.Release|Any CPU.ActiveCfg = Release|Any CPU
		{72F35146-3C3A-42A4-A2C3-7968BAE9B10A}.Release|Any CPU.Build.0 = Release|Any CPU
	EndGlobalSection
	GlobalSection(SolutionProperties) = preSolution
		HideSolutionNode = FALSE
	EndGlobalSection
	GlobalSection(ExtensibilityGlobals) = postSolution
		SolutionGuid = {FB76F1DF-7CCB-412D-B44C-32985377FDE9}
	EndGlobalSection
EndGlobal
